// !$*UTF8*$!
{
	archiveVersion = 1;
	classes = {
	};
	objectVersion = 56;
	objects = {

/* Begin PBXBuildFile section */
		E82C5DD2296CA23F00B896FD /* TestPackage in Frameworks */ = {isa = PBXBuildFile; productRef = E82C5DD1296CA23F00B896FD /* TestPackage */; };
		E86CFAF929661DF60005AF95 /* AppDelegate.swift in Sources */ = {isa = PBXBuildFile; fileRef = E86CFAF829661DF60005AF95 /* AppDelegate.swift */; };
		E86CFAFB29661DF60005AF95 /* SceneDelegate.swift in Sources */ = {isa = PBXBuildFile; fileRef = E86CFAFA29661DF60005AF95 /* SceneDelegate.swift */; };
		E86CFAFD29661DF60005AF95 /* ViewController.swift in Sources */ = {isa = PBXBuildFile; fileRef = E86CFAFC29661DF60005AF95 /* ViewController.swift */; };
		E86CFB0029661DF60005AF95 /* Main.storyboard in Resources */ = {isa = PBXBuildFile; fileRef = E86CFAFE29661DF60005AF95 /* Main.storyboard */; };
		E86CFB0229661DF70005AF95 /* Assets.xcassets in Resources */ = {isa = PBXBuildFile; fileRef = E86CFB0129661DF70005AF95 /* Assets.xcassets */; };
		E86CFB0529661DF70005AF95 /* LaunchScreen.storyboard in Resources */ = {isa = PBXBuildFile; fileRef = E86CFB0329661DF70005AF95 /* LaunchScreen.storyboard */; };
/* End PBXBuildFile section */

/* Begin PBXFileReference section */
		E82C5DCF296CA14600B896FD /* TestPackage */ = {isa = PBXFileReference; lastKnownFileType = wrapper; name = TestPackage; path = ../TestPackage; sourceTree = "<group>"; };
		E86CFAF529661DF60005AF95 /* SimpleMathApp.app */ = {isa = PBXFileReference; explicitFileType = wrapper.application; includeInIndex = 0; path = SimpleMathApp.app; sourceTree = BUILT_PRODUCTS_DIR; };
		E86CFAF829661DF60005AF95 /* AppDelegate.swift */ = {isa = PBXFileReference; lastKnownFileType = sourcecode.swift; path = AppDelegate.swift; sourceTree = "<group>"; };
		E86CFAFA29661DF60005AF95 /* SceneDelegate.swift */ = {isa = PBXFileReference; lastKnownFileType = sourcecode.swift; path = SceneDelegate.swift; sourceTree = "<group>"; };
		E86CFAFC29661DF60005AF95 /* ViewController.swift */ = {isa = PBXFileReference; lastKnownFileType = sourcecode.swift; path = ViewController.swift; sourceTree = "<group>"; };
		E86CFAFF29661DF60005AF95 /* Base */ = {isa = PBXFileReference; lastKnownFileType = file.storyboard; name = Base; path = Base.lproj/Main.storyboard; sourceTree = "<group>"; };
		E86CFB0129661DF70005AF95 /* Assets.xcassets */ = {isa = PBXFileReference; lastKnownFileType = folder.assetcatalog; path = Assets.xcassets; sourceTree = "<group>"; };
		E86CFB0429661DF70005AF95 /* Base */ = {isa = PBXFileReference; lastKnownFileType = file.storyboard; name = Base; path = Base.lproj/LaunchScreen.storyboard; sourceTree = "<group>"; };
		E86CFB0629661DF70005AF95 /* Info.plist */ = {isa = PBXFileReference; lastKnownFileType = text.plist.xml; path = Info.plist; sourceTree = "<group>"; };
/* End PBXFileReference section */

/* Begin PBXFrameworksBuildPhase section */
		E86CFAF229661DF60005AF95 /* Frameworks */ = {
			isa = PBXFrameworksBuildPhase;
			buildActionMask = 2147483647;
			files = (
				E82C5DD2296CA23F00B896FD /* TestPackage in Frameworks */,
			);
			runOnlyForDeploymentPostprocessing = 0;
		};
/* End PBXFrameworksBuildPhase section */

/* Begin PBXGroup section */
		E82C5DCE296CA14600B896FD /* Packages */ = {
			isa = PBXGroup;
			children = (
				E82C5DCF296CA14600B896FD /* TestPackage */,
			);
			name = Packages;
			sourceTree = "<group>";
		};
		E82C5DD0296CA23F00B896FD /* Frameworks */ = {
			isa = PBXGroup;
			children = (
			);
			name = Frameworks;
			sourceTree = "<group>";
		};
		E86CFAEC29661DF60005AF95 = {
			isa = PBXGroup;
			children = (
				E82C5DCE296CA14600B896FD /* Packages */,
				E86CFAF729661DF60005AF95 /* SimpleMathApp */,
				E86CFAF629661DF60005AF95 /* Products */,
				E82C5DD0296CA23F00B896FD /* Frameworks */,
			);
			sourceTree = "<group>";
		};
		E86CFAF629661DF60005AF95 /* Products */ = {
			isa = PBXGroup;
			children = (
				E86CFAF529661DF60005AF95 /* SimpleMathApp.app */,
			);
			name = Products;
			sourceTree = "<group>";
		};
		E86CFAF729661DF60005AF95 /* SimpleMathApp */ = {
			isa = PBXGroup;
			children = (
				E86CFAF829661DF60005AF95 /* AppDelegate.swift */,
				E86CFAFA29661DF60005AF95 /* SceneDelegate.swift */,
				E86CFAFC29661DF60005AF95 /* ViewController.swift */,
				E86CFAFE29661DF60005AF95 /* Main.storyboard */,
				E86CFB0129661DF70005AF95 /* Assets.xcassets */,
				E86CFB0329661DF70005AF95 /* LaunchScreen.storyboard */,
				E86CFB0629661DF70005AF95 /* Info.plist */,
			);
			path = SimpleMathApp;
			sourceTree = "<group>";
		};
/* End PBXGroup section */

/* Begin PBXNativeTarget section */
		E86CFAF429661DF60005AF95 /* SimpleMathApp */ = {
			isa = PBXNativeTarget;
			buildConfigurationList = E86CFB0929661DF70005AF95 /* Build configuration list for PBXNativeTarget "SimpleMathApp" */;
			buildPhases = (
				E86CFAF129661DF60005AF95 /* Sources */,
				E86CFAF229661DF60005AF95 /* Frameworks */,
				E86CFAF329661DF60005AF95 /* Resources */,
			);
			buildRules = (
			);
			dependencies = (
			);
			name = SimpleMathApp;
			packageProductDependencies = (
				E82C5DD1296CA23F00B896FD /* TestPackage */,
			);
			productName = SimpleMathApp;
			productReference = E86CFAF529661DF60005AF95 /* SimpleMathApp.app */;
			productType = "com.apple.product-type.application";
		};
/* End PBXNativeTarget section */

/* Begin PBXProject section */
		E86CFAED29661DF60005AF95 /* Project object */ = {
			isa = PBXProject;
			attributes = {
				BuildIndependentTargetsInParallel = 1;
				LastSwiftUpdateCheck = 1420;
				LastUpgradeCheck = 1420;
				TargetAttributes = {
					E86CFAF429661DF60005AF95 = {
						CreatedOnToolsVersion = 14.2;
					};
				};
			};
			buildConfigurationList = E86CFAF029661DF60005AF95 /* Build configuration list for PBXProject "SimpleMathApp" */;
			compatibilityVersion = "Xcode 14.0";
			developmentRegion = en;
			hasScannedForEncodings = 0;
			knownRegions = (
				en,
				Base,
			);
			mainGroup = E86CFAEC29661DF60005AF95;
			productRefGroup = E86CFAF629661DF60005AF95 /* Products */;
			projectDirPath = "";
			projectRoot = "";
			targets = (
				E86CFAF429661DF60005AF95 /* SimpleMathApp */,
			);
		};
/* End PBXProject section */

/* Begin PBXResourcesBuildPhase section */
		E86CFAF329661DF60005AF95 /* Resources */ = {
			isa = PBXResourcesBuildPhase;
			buildActionMask = 2147483647;
			files = (
				E86CFB0529661DF70005AF95 /* LaunchScreen.storyboard in Resources */,
				E86CFB0229661DF70005AF95 /* Assets.xcassets in Resources */,
				E86CFB0029661DF60005AF95 /* Main.storyboard in Resources */,
			);
			runOnlyForDeploymentPostprocessing = 0;
		};
/* End PBXResourcesBuildPhase section */

/* Begin PBXSourcesBuildPhase section */
		E86CFAF129661DF60005AF95 /* Sources */ = {
			isa = PBXSourcesBuildPhase;
			buildActionMask = 2147483647;
			files = (
				E86CFAFD29661DF60005AF95 /* ViewController.swift in Sources */,
				E86CFAF929661DF60005AF95 /* AppDelegate.swift in Sources */,
				E86CFAFB29661DF60005AF95 /* SceneDelegate.swift in Sources */,
			);
			runOnlyForDeploymentPostprocessing = 0;
		};
/* End PBXSourcesBuildPhase section */

/* Begin PBXVariantGroup section */
		E86CFAFE29661DF60005AF95 /* Main.storyboard */ = {
			isa = PBXVariantGroup;
			children = (
				E86CFAFF29661DF60005AF95 /* Base */,
			);
			name = Main.storyboard;
			sourceTree = "<group>";
		};
		E86CFB0329661DF70005AF95 /* LaunchScreen.storyboard */ = {
			isa = PBXVariantGroup;
			children = (
				E86CFB0429661DF70005AF95 /* Base */,
			);
			name = LaunchScreen.storyboard;
			sourceTree = "<group>";
		};
/* End PBXVariantGroup section */

/* Begin XCBuildConfiguration section */
		E86CFB0729661DF70005AF95 /* Debug */ = {
			isa = XCBuildConfiguration;
			buildSettings = {
				ALWAYS_SEARCH_USER_PATHS = NO;
				CLANG_ANALYZER_NONNULL = YES;
				CLANG_ANALYZER_NUMBER_OBJECT_CONVERSION = YES_AGGRESSIVE;
				CLANG_CXX_LANGUAGE_STANDARD = "gnu++20";
				CLANG_ENABLE_MODULES = YES;
				CLANG_ENABLE_OBJC_ARC = YES;
				CLANG_ENABLE_OBJC_WEAK = YES;
				CLANG_WARN_BLOCK_CAPTURE_AUTORELEASING = YES;
				CLANG_WARN_BOOL_CONVERSION = YES;
				CLANG_WARN_COMMA = YES;
				CLANG_WARN_CONSTANT_CONVERSION = YES;
				CLANG_WARN_DEPRECATED_OBJC_IMPLEMENTATIONS = YES;
				CLANG_WARN_DIRECT_OBJC_ISA_USAGE = YES_ERROR;
				CLANG_WARN_DOCUMENTATION_COMMENTS = YES;
				CLANG_WARN_EMPTY_BODY = YES;
				CLANG_WARN_ENUM_CONVERSION = YES;
				CLANG_WARN_INFINITE_RECURSION = YES;
				CLANG_WARN_INT_CONVERSION = YES;
				CLANG_WARN_NON_LITERAL_NULL_CONVERSION = YES;
				CLANG_WARN_OBJC_IMPLICIT_RETAIN_SELF = YES;
				CLANG_WARN_OBJC_LITERAL_CONVERSION = YES;
				CLANG_WARN_OBJC_ROOT_CLASS = YES_ERROR;
				CLANG_WARN_QUOTED_INCLUDE_IN_FRAMEWORK_HEADER = YES;
				CLANG_WARN_RANGE_LOOP_ANALYSIS = YES;
				CLANG_WARN_STRICT_PROTOTYPES = YES;
				CLANG_WARN_SUSPICIOUS_MOVE = YES;
				CLANG_WARN_UNGUARDED_AVAILABILITY = YES_AGGRESSIVE;
				CLANG_WARN_UNREACHABLE_CODE = YES;
				CLANG_WARN__DUPLICATE_METHOD_MATCH = YES;
				COPY_PHASE_STRIP = NO;
				DEBUG_INFORMATION_FORMAT = dwarf;
				ENABLE_STRICT_OBJC_MSGSEND = YES;
				ENABLE_TESTABILITY = YES;
				GCC_C_LANGUAGE_STANDARD = gnu11;
				GCC_DYNAMIC_NO_PIC = NO;
				GCC_NO_COMMON_BLOCKS = YES;
				GCC_OPTIMIZATION_LEVEL = 0;
				GCC_PREPROCESSOR_DEFINITIONS = (
					"DEBUG=1",
					"$(inherited)",
				);
				GCC_WARN_64_TO_32_BIT_CONVERSION = YES;
				GCC_WARN_ABOUT_RETURN_TYPE = YES_ERROR;
				GCC_WARN_UNDECLARED_SELECTOR = YES;
				GCC_WARN_UNINITIALIZED_AUTOS = YES_AGGRESSIVE;
				GCC_WARN_UNUSED_FUNCTION = YES;
				GCC_WARN_UNUSED_VARIABLE = YES;
				IPHONEOS_DEPLOYMENT_TARGET = 16.2;
				MTL_ENABLE_DEBUG_INFO = INCLUDE_SOURCE;
				MTL_FAST_MATH = YES;
				ONLY_ACTIVE_ARCH = YES;
				SDKROOT = iphoneos;
				SWIFT_ACTIVE_COMPILATION_CONDITIONS = DEBUG;
				SWIFT_OPTIMIZATION_LEVEL = "-Onone";
			};
			name = Debug;
		};
		E86CFB0829661DF70005AF95 /* Release */ = {
			isa = XCBuildConfiguration;
			buildSettings = {
				ALWAYS_SEARCH_USER_PATHS = NO;
				CLANG_ANALYZER_NONNULL = YES;
				CLANG_ANALYZER_NUMBER_OBJECT_CONVERSION = YES_AGGRESSIVE;
				CLANG_CXX_LANGUAGE_STANDARD = "gnu++20";
				CLANG_ENABLE_MODULES = YES;
				CLANG_ENABLE_OBJC_ARC = YES;
				CLANG_ENABLE_OBJC_WEAK = YES;
				CLANG_WARN_BLOCK_CAPTURE_AUTORELEASING = YES;
				CLANG_WARN_BOOL_CONVERSION = YES;
				CLANG_WARN_COMMA = YES;
				CLANG_WARN_CONSTANT_CONVERSION = YES;
				CLANG_WARN_DEPRECATED_OBJC_IMPLEMENTATIONS = YES;
				CLANG_WARN_DIRECT_OBJC_ISA_USAGE = YES_ERROR;
				CLANG_WARN_DOCUMENTATION_COMMENTS = YES;
				CLANG_WARN_EMPTY_BODY = YES;
				CLANG_WARN_ENUM_CONVERSION = YES;
				CLANG_WARN_INFINITE_RECURSION = YES;
				CLANG_WARN_INT_CONVERSION = YES;
				CLANG_WARN_NON_LITERAL_NULL_CONVERSION = YES;
				CLANG_WARN_OBJC_IMPLICIT_RETAIN_SELF = YES;
				CLANG_WARN_OBJC_LITERAL_CONVERSION = YES;
				CLANG_WARN_OBJC_ROOT_CLASS = YES_ERROR;
				CLANG_WARN_QUOTED_INCLUDE_IN_FRAMEWORK_HEADER = YES;
				CLANG_WARN_RANGE_LOOP_ANALYSIS = YES;
				CLANG_WARN_STRICT_PROTOTYPES = YES;
				CLANG_WARN_SUSPICIOUS_MOVE = YES;
				CLANG_WARN_UNGUARDED_AVAILABILITY = YES_AGGRESSIVE;
				CLANG_WARN_UNREACHABLE_CODE = YES;
				CLANG_WARN__DUPLICATE_METHOD_MATCH = YES;
				COPY_PHASE_STRIP = NO;
				DEBUG_INFORMATION_FORMAT = "dwarf-with-dsym";
				ENABLE_NS_ASSERTIONS = NO;
				ENABLE_STRICT_OBJC_MSGSEND = YES;
				GCC_C_LANGUAGE_STANDARD = gnu11;
				GCC_NO_COMMON_BLOCKS = YES;
				GCC_WARN_64_TO_32_BIT_CONVERSION = YES;
				GCC_WARN_ABOUT_RETURN_TYPE = YES_ERROR;
				GCC_WARN_UNDECLARED_SELECTOR = YES;
				GCC_WARN_UNINITIALIZED_AUTOS = YES_AGGRESSIVE;
				GCC_WARN_UNUSED_FUNCTION = YES;
				GCC_WARN_UNUSED_VARIABLE = YES;
				IPHONEOS_DEPLOYMENT_TARGET = 16.2;
				MTL_ENABLE_DEBUG_INFO = NO;
				MTL_FAST_MATH = YES;
				SDKROOT = iphoneos;
				SWIFT_COMPILATION_MODE = wholemodule;
				SWIFT_OPTIMIZATION_LEVEL = "-O";
				VALIDATE_PRODUCT = YES;
			};
			name = Release;
		};
		E86CFB0A29661DF70005AF95 /* Debug */ = {
			isa = XCBuildConfiguration;
			buildSettings = {
				ASSETCATALOG_COMPILER_APPICON_NAME = AppIcon;
				ASSETCATALOG_COMPILER_GLOBAL_ACCENT_COLOR_NAME = AccentColor;
				CODE_SIGN_STYLE = Automatic;
				CURRENT_PROJECT_VERSION = 1;
				DEVELOPMENT_TEAM = 99K9XZX4X8;
				GENERATE_INFOPLIST_FILE = YES;
				INFOPLIST_FILE = SimpleMathApp/Info.plist;
				INFOPLIST_KEY_UIApplicationSupportsIndirectInputEvents = YES;
				INFOPLIST_KEY_UILaunchStoryboardName = LaunchScreen;
				INFOPLIST_KEY_UIMainStoryboardFile = Main;
				INFOPLIST_KEY_UISupportedInterfaceOrientations_iPad = "UIInterfaceOrientationPortrait UIInterfaceOrientationPortraitUpsideDown UIInterfaceOrientationLandscapeLeft UIInterfaceOrientationLandscapeRight";
				INFOPLIST_KEY_UISupportedInterfaceOrientations_iPhone = "UIInterfaceOrientationPortrait UIInterfaceOrientationLandscapeLeft UIInterfaceOrientationLandscapeRight";
				LD_RUNPATH_SEARCH_PATHS = (
					"$(inherited)",
					"@executable_path/Frameworks",
				);
				MARKETING_VERSION = 1.0;
				PRODUCT_BUNDLE_IDENTIFIER = com.antonio.SimpleMathApp;
				PRODUCT_NAME = "$(TARGET_NAME)";
				SWIFT_EMIT_LOC_STRINGS = YES;
				SWIFT_VERSION = 5.0;
				TARGETED_DEVICE_FAMILY = "1,2";
			};
			name = Debug;
		};
		E86CFB0B29661DF70005AF95 /* Release */ = {
			isa = XCBuildConfiguration;
			buildSettings = {
				ASSETCATALOG_COMPILER_APPICON_NAME = AppIcon;
				ASSETCATALOG_COMPILER_GLOBAL_ACCENT_COLOR_NAME = AccentColor;
				CODE_SIGN_STYLE = Automatic;
				CURRENT_PROJECT_VERSION = 1;
				DEVELOPMENT_TEAM = 99K9XZX4X8;
				GENERATE_INFOPLIST_FILE = YES;
				INFOPLIST_FILE = SimpleMathApp/Info.plist;
				INFOPLIST_KEY_UIApplicationSupportsIndirectInputEvents = YES;
				INFOPLIST_KEY_UILaunchStoryboardName = LaunchScreen;
				INFOPLIST_KEY_UIMainStoryboardFile = Main;
				INFOPLIST_KEY_UISupportedInterfaceOrientations_iPad = "UIInterfaceOrientationPortrait UIInterfaceOrientationPortraitUpsideDown UIInterfaceOrientationLandscapeLeft UIInterfaceOrientationLandscapeRight";
				INFOPLIST_KEY_UISupportedInterfaceOrientations_iPhone = "UIInterfaceOrientationPortrait UIInterfaceOrientationLandscapeLeft UIInterfaceOrientationLandscapeRight";
				LD_RUNPATH_SEARCH_PATHS = (
					"$(inherited)",
					"@executable_path/Frameworks",
				);
				MARKETING_VERSION = 1.0;
				PRODUCT_BUNDLE_IDENTIFIER = com.antonio.SimpleMathApp;
				PRODUCT_NAME = "$(TARGET_NAME)";
				SWIFT_EMIT_LOC_STRINGS = YES;
				SWIFT_VERSION = 5.0;
				TARGETED_DEVICE_FAMILY = "1,2";
			};
			name = Release;
		};
/* End XCBuildConfiguration section */

/* Begin XCConfigurationList section */
		E86CFAF029661DF60005AF95 /* Build configuration list for PBXProject "SimpleMathApp" */ = {
			isa = XCConfigurationList;
			buildConfigurations = (
				E86CFB0729661DF70005AF95 /* Debug */,
				E86CFB0829661DF70005AF95 /* Release */,
			);
			defaultConfigurationIsVisible = 0;
			defaultConfigurationName = Release;
		};
		E86CFB0929661DF70005AF95 /* Build configuration list for PBXNativeTarget "SimpleMathApp" */ = {
			isa = XCConfigurationList;
			buildConfigurations = (
				E86CFB0A29661DF70005AF95 /* Debug */,
				E86CFB0B29661DF70005AF95 /* Release */,
			);
			defaultConfigurationIsVisible = 0;
			defaultConfigurationName = Release;
		};
/* End XCConfigurationList section */

/* Begin XCSwiftPackageProductDependency section */
		E82C5DD1296CA23F00B896FD /* TestPackage */ = {
			isa = XCSwiftPackageProductDependency;
			productName = TestPackage;
		};
/* End XCSwiftPackageProductDependency section */
	};
	rootObject = E86CFAED29661DF60005AF95 /* Project object */;
}
